
Microsoft Visual Studio Solution File, Format Version 12.00
# Visual Studio Version 17
VisualStudioVersion = 17.8.34316.72
MinimumVisualStudioVersion = 10.0.40219.1
Project("{FAE04EC0-301F-11D3-BF4B-00C04F79EFBC}") = "lab 4", "lab 4\lab 4.csproj", "{804F17FD-4783-44CC-A8DD-0E74A51557EC}"
EndProject
Global
	GlobalSection(SolutionConfigurationPlatforms) = preSolution
		Debug|Any CPU = Debug|Any CPU
		Release|Any CPU = Release|Any CPU
	EndGlobalSection
	GlobalSection(ProjectConfigurationPlatforms) = postSolution
		{804F17FD-4783-44CC-A8DD-0E74A51557EC}.Debug|Any CPU.ActiveCfg = Debug|Any CPU
		{804F17FD-4783-44CC-A8DD-0E74A51557EC}.Debug|Any CPU.Build.0 = Debug|Any CPU
		{804F17FD-4783-44CC-A8DD-0E74A51557EC}.Release|Any CPU.ActiveCfg = Release|Any CPU
		{804F17FD-4783-44CC-A8DD-0E74A51557EC}.Release|Any CPU.Build.0 = Release|Any CPU
	EndGlobalSection
	GlobalSection(SolutionProperties) = preSolution
		HideSolutionNode = FALSE
	EndGlobalSection
	GlobalSection(ExtensibilityGlobals) = postSolution
		SolutionGuid = {F9332BFF-678B-48E9-99B7-E188983D4984}
	EndGlobalSection
EndGlobal
