
Microsoft Visual Studio Solution File, Format Version 12.00
# Visual Studio Version 17
VisualStudioVersion = 17.8.34316.72
MinimumVisualStudioVersion = 10.0.40219.1
Project("{FAE04EC0-301F-11D3-BF4B-00C04F79EFBC}") = "lab 8", "lab 8\lab 8.csproj", "{ECA8AC01-41C7-42D0-86D0-94D7DF46988B}"
EndProject
Global
	GlobalSection(SolutionConfigurationPlatforms) = preSolution
		Debug|Any CPU = Debug|Any CPU
		Release|Any CPU = Release|Any CPU
	EndGlobalSection
	GlobalSection(ProjectConfigurationPlatforms) = postSolution
		{ECA8AC01-41C7-42D0-86D0-94D7DF46988B}.Debug|Any CPU.ActiveCfg = Debug|Any CPU
		{ECA8AC01-41C7-42D0-86D0-94D7DF46988B}.Debug|Any CPU.Build.0 = Debug|Any CPU
		{ECA8AC01-41C7-42D0-86D0-94D7DF46988B}.Release|Any CPU.ActiveCfg = Release|Any CPU
		{ECA8AC01-41C7-42D0-86D0-94D7DF46988B}.Release|Any CPU.Build.0 = Release|Any CPU
	EndGlobalSection
	GlobalSection(SolutionProperties) = preSolution
		HideSolutionNode = FALSE
	EndGlobalSection
	GlobalSection(ExtensibilityGlobals) = postSolution
		SolutionGuid = {B13AB89D-7325-4F21-8C08-D2CA7F5EDDB7}
	EndGlobalSection
EndGlobal
