
Microsoft Visual Studio Solution File, Format Version 12.00
# Visual Studio Version 17
VisualStudioVersion = 17.8.34316.72
MinimumVisualStudioVersion = 10.0.40219.1
Project("{FAE04EC0-301F-11D3-BF4B-00C04F79EFBC}") = "hw 4", "hw 4\hw 4.csproj", "{C170DD11-DF27-4768-88EF-AD6752350545}"
EndProject
Global
	GlobalSection(SolutionConfigurationPlatforms) = preSolution
		Debug|Any CPU = Debug|Any CPU
		Release|Any CPU = Release|Any CPU
	EndGlobalSection
	GlobalSection(ProjectConfigurationPlatforms) = postSolution
		{C170DD11-DF27-4768-88EF-AD6752350545}.Debug|Any CPU.ActiveCfg = Debug|Any CPU
		{C170DD11-DF27-4768-88EF-AD6752350545}.Debug|Any CPU.Build.0 = Debug|Any CPU
		{C170DD11-DF27-4768-88EF-AD6752350545}.Release|Any CPU.ActiveCfg = Release|Any CPU
		{C170DD11-DF27-4768-88EF-AD6752350545}.Release|Any CPU.Build.0 = Release|Any CPU
	EndGlobalSection
	GlobalSection(SolutionProperties) = preSolution
		HideSolutionNode = FALSE
	EndGlobalSection
	GlobalSection(ExtensibilityGlobals) = postSolution
		SolutionGuid = {622CC318-6AED-4D40-AE0D-9CA6F2738F35}
	EndGlobalSection
EndGlobal
