
Microsoft Visual Studio Solution File, Format Version 12.00
# Visual Studio Version 17
VisualStudioVersion = 17.8.34316.72
MinimumVisualStudioVersion = 10.0.40219.1
Project("{FAE04EC0-301F-11D3-BF4B-00C04F79EFBC}") = "hw 6", "hw 6\hw 6.csproj", "{42201243-A4F0-4E9D-A101-09CF51D16F95}"
EndProject
Global
	GlobalSection(SolutionConfigurationPlatforms) = preSolution
		Debug|Any CPU = Debug|Any CPU
		Release|Any CPU = Release|Any CPU
	EndGlobalSection
	GlobalSection(ProjectConfigurationPlatforms) = postSolution
		{42201243-A4F0-4E9D-A101-09CF51D16F95}.Debug|Any CPU.ActiveCfg = Debug|Any CPU
		{42201243-A4F0-4E9D-A101-09CF51D16F95}.Debug|Any CPU.Build.0 = Debug|Any CPU
		{42201243-A4F0-4E9D-A101-09CF51D16F95}.Release|Any CPU.ActiveCfg = Release|Any CPU
		{42201243-A4F0-4E9D-A101-09CF51D16F95}.Release|Any CPU.Build.0 = Release|Any CPU
	EndGlobalSection
	GlobalSection(SolutionProperties) = preSolution
		HideSolutionNode = FALSE
	EndGlobalSection
	GlobalSection(ExtensibilityGlobals) = postSolution
		SolutionGuid = {2DBFA1CF-2707-4BE4-8A7A-F198FCC8587A}
	EndGlobalSection
EndGlobal
