
Microsoft Visual Studio Solution File, Format Version 12.00
# Visual Studio Version 17
VisualStudioVersion = 17.8.34316.72
MinimumVisualStudioVersion = 10.0.40219.1
Project("{FAE04EC0-301F-11D3-BF4B-00C04F79EFBC}") = "hw 7", "hw 7\hw 7.csproj", "{A39B3D85-B8B2-486C-A123-EEA739C479B2}"
EndProject
Global
	GlobalSection(SolutionConfigurationPlatforms) = preSolution
		Debug|Any CPU = Debug|Any CPU
		Release|Any CPU = Release|Any CPU
	EndGlobalSection
	GlobalSection(ProjectConfigurationPlatforms) = postSolution
		{A39B3D85-B8B2-486C-A123-EEA739C479B2}.Debug|Any CPU.ActiveCfg = Debug|Any CPU
		{A39B3D85-B8B2-486C-A123-EEA739C479B2}.Debug|Any CPU.Build.0 = Debug|Any CPU
		{A39B3D85-B8B2-486C-A123-EEA739C479B2}.Release|Any CPU.ActiveCfg = Release|Any CPU
		{A39B3D85-B8B2-486C-A123-EEA739C479B2}.Release|Any CPU.Build.0 = Release|Any CPU
	EndGlobalSection
	GlobalSection(SolutionProperties) = preSolution
		HideSolutionNode = FALSE
	EndGlobalSection
	GlobalSection(ExtensibilityGlobals) = postSolution
		SolutionGuid = {2FE3C935-7C0E-41EA-95C2-8A6829AA1C48}
	EndGlobalSection
EndGlobal
